
Microsoft Visual Studio Solution File, Format Version 12.00
# Visual Studio 2012
Project("{FAE04EC0-301F-11D3-BF4B-00C04F79EFBC}") = "FarmManagement_Setting", "FarmManagement_Setting\FarmManagement_Setting.csproj", "{8B8DE6F9-9569-48F1-B4FF-8E5F17374406}"
EndProject
Global
	GlobalSection(SolutionConfigurationPlatforms) = preSolution
		Debug|Any CPU = Debug|Any CPU
		Release|Any CPU = Release|Any CPU
	EndGlobalSection
	GlobalSection(ProjectConfigurationPlatforms) = postSolution
		{8B8DE6F9-9569-48F1-B4FF-8E5F17374406}.Debug|Any CPU.ActiveCfg = Debug|Any CPU
		{8B8DE6F9-9569-48F1-B4FF-8E5F17374406}.Debug|Any CPU.Build.0 = Debug|Any CPU
		{8B8DE6F9-9569-48F1-B4FF-8E5F17374406}.Release|Any CPU.ActiveCfg = Release|Any CPU
		{8B8DE6F9-9569-48F1-B4FF-8E5F17374406}.Release|Any CPU.Build.0 = Release|Any CPU
	EndGlobalSection
	GlobalSection(SolutionProperties) = preSolution
		HideSolutionNode = FALSE
	EndGlobalSection
EndGlobal
